{
  "name": "@nodedk/std",
  "version": "0.1.2",
  "lockfileVersion": 3,
  "requires": true,
  "packages": {
    "": {
      "name": "@nodedk/std",
      "version": "0.1.2",
      "dependencies": {
        "lodash": "^4.17.23"
      }
    },
    "node_modules/lodash": {
      "version": "4.17.23",
      "resolved": "https://pkgs.ndk.sh/lodash/-/lodash-4.17.23.tgz",
      "integrity": "sha512-LgVTMpQtIopCi79SJeDiP0TfWi5CNEc/L/aRdTh3yIvmZXTnheWpKjSZhnvMl8iXbC1tFg9gdHHDMLoV7CnG+w==",
      "license": "MIT"
    }
  }
}
